// !$*UTF8*$!
{
	archiveVersion = 1;
	classes = {
	};
	objectVersion = 50;
	objects = {

/* Begin PBXBuildFile section */
		D64866082524CC810095B27A /* AppDelegate.swift in Sources */ = {isa = PBXBuildFile; fileRef = D64866072524CC810095B27A /* AppDelegate.swift */; };
		D648660A2524CC810095B27A /* SceneDelegate.swift in Sources */ = {isa = PBXBuildFile; fileRef = D64866092524CC810095B27A /* SceneDelegate.swift */; };
		D648660C2524CC810095B27A /* ViewController.swift in Sources */ = {isa = PBXBuildFile; fileRef = D648660B2524CC810095B27A /* ViewController.swift */; };
		D648660F2524CC810095B27A /* Main.storyboard in Resources */ = {isa = PBXBuildFile; fileRef = D648660D2524CC810095B27A /* Main.storyboard */; };
		D64866112524CC820095B27A /* Assets.xcassets in Resources */ = {isa = PBXBuildFile; fileRef = D64866102524CC820095B27A /* Assets.xcassets */; };
		D64866142524CC820095B27A /* LaunchScreen.storyboard in Resources */ = {isa = PBXBuildFile; fileRef = D64866122524CC820095B27A /* LaunchScreen.storyboard */; };
		D648661C2524CCB60095B27A /* KSwipePopup.swift in Sources */ = {isa = PBXBuildFile; fileRef = D648661B2524CCB50095B27A /* KSwipePopup.swift */; };
		D648661F2524CF7C0095B27A /* ExampleSwipePopup.swift in Sources */ = {isa = PBXBuildFile; fileRef = D648661D2524CF7C0095B27A /* ExampleSwipePopup.swift */; };
		D64866202524CF7C0095B27A /* ExampleSwipePopup.xib in Resources */ = {isa = PBXBuildFile; fileRef = D648661E2524CF7C0095B27A /* ExampleSwipePopup.xib */; };
/* End PBXBuildFile section */

/* Begin PBXFileReference section */
		D64866042524CC810095B27A /* KSwipePopup.app */ = {isa = PBXFileReference; explicitFileType = wrapper.application; includeInIndex = 0; path = KSwipePopup.app; sourceTree = BUILT_PRODUCTS_DIR; };
		D64866072524CC810095B27A /* AppDelegate.swift */ = {isa = PBXFileReference; lastKnownFileType = sourcecode.swift; path = AppDelegate.swift; sourceTree = "<group>"; };
		D64866092524CC810095B27A /* SceneDelegate.swift */ = {isa = PBXFileReference; lastKnownFileType = sourcecode.swift; path = SceneDelegate.swift; sourceTree = "<group>"; };
		D648660B2524CC810095B27A /* ViewController.swift */ = {isa = PBXFileReference; lastKnownFileType = sourcecode.swift; path = ViewController.swift; sourceTree = "<group>"; };
		D648660E2524CC810095B27A /* Base */ = {isa = PBXFileReference; lastKnownFileType = file.storyboard; name = Base; path = Base.lproj/Main.storyboard; sourceTree = "<group>"; };
		D64866102524CC820095B27A /* Assets.xcassets */ = {isa = PBXFileReference; lastKnownFileType = folder.assetcatalog; path = Assets.xcassets; sourceTree = "<group>"; };
		D64866132524CC820095B27A /* Base */ = {isa = PBXFileReference; lastKnownFileType = file.storyboard; name = Base; path = Base.lproj/LaunchScreen.storyboard; sourceTree = "<group>"; };
		D64866152524CC820095B27A /* Info.plist */ = {isa = PBXFileReference; lastKnownFileType = text.plist.xml; path = Info.plist; sourceTree = "<group>"; };
		D648661B2524CCB50095B27A /* KSwipePopup.swift */ = {isa = PBXFileReference; lastKnownFileType = sourcecode.swift; path = KSwipePopup.swift; sourceTree = "<group>"; };
		D648661D2524CF7C0095B27A /* ExampleSwipePopup.swift */ = {isa = PBXFileReference; lastKnownFileType = sourcecode.swift; path = ExampleSwipePopup.swift; sourceTree = "<group>"; };
		D648661E2524CF7C0095B27A /* ExampleSwipePopup.xib */ = {isa = PBXFileReference; lastKnownFileType = file.xib; path = ExampleSwipePopup.xib; sourceTree = "<group>"; };
/* End PBXFileReference section */

/* Begin PBXFrameworksBuildPhase section */
		D64866012524CC810095B27A /* Frameworks */ = {
			isa = PBXFrameworksBuildPhase;
			buildActionMask = 2147483647;
			files = (
			);
			runOnlyForDeploymentPostprocessing = 0;
		};
/* End PBXFrameworksBuildPhase section */

/* Begin PBXGroup section */
		D64865FB2524CC810095B27A = {
			isa = PBXGroup;
			children = (
				D64866062524CC810095B27A /* KSwipePopup */,
				D64866052524CC810095B27A /* Products */,
			);
			sourceTree = "<group>";
		};
		D64866052524CC810095B27A /* Products */ = {
			isa = PBXGroup;
			children = (
				D64866042524CC810095B27A /* KSwipePopup.app */,
			);
			name = Products;
			sourceTree = "<group>";
		};
		D64866062524CC810095B27A /* KSwipePopup */ = {
			isa = PBXGroup;
			children = (
				D64866072524CC810095B27A /* AppDelegate.swift */,
				D64866092524CC810095B27A /* SceneDelegate.swift */,
				D648660B2524CC810095B27A /* ViewController.swift */,
				D648660D2524CC810095B27A /* Main.storyboard */,
				D64866102524CC820095B27A /* Assets.xcassets */,
				D64866122524CC820095B27A /* LaunchScreen.storyboard */,
				D64866152524CC820095B27A /* Info.plist */,
				D648661B2524CCB50095B27A /* KSwipePopup.swift */,
				D648661D2524CF7C0095B27A /* ExampleSwipePopup.swift */,
				D648661E2524CF7C0095B27A /* ExampleSwipePopup.xib */,
			);
			path = KSwipePopup;
			sourceTree = "<group>";
		};
/* End PBXGroup section */

/* Begin PBXNativeTarget section */
		D64866032524CC810095B27A /* KSwipePopup */ = {
			isa = PBXNativeTarget;
			buildConfigurationList = D64866182524CC820095B27A /* Build configuration list for PBXNativeTarget "KSwipePopup" */;
			buildPhases = (
				D64866002524CC810095B27A /* Sources */,
				D64866012524CC810095B27A /* Frameworks */,
				D64866022524CC810095B27A /* Resources */,
			);
			buildRules = (
			);
			dependencies = (
			);
			name = KSwipePopup;
			productName = KSwipePopup;
			productReference = D64866042524CC810095B27A /* KSwipePopup.app */;
			productType = "com.apple.product-type.application";
		};
/* End PBXNativeTarget section */

/* Begin PBXProject section */
		D64865FC2524CC810095B27A /* Project object */ = {
			isa = PBXProject;
			attributes = {
				LastSwiftUpdateCheck = 1130;
				LastUpgradeCheck = 1130;
				ORGANIZATIONNAME = NHK;
				TargetAttributes = {
					D64866032524CC810095B27A = {
						CreatedOnToolsVersion = 11.3.1;
					};
				};
			};
			buildConfigurationList = D64865FF2524CC810095B27A /* Build configuration list for PBXProject "KSwipePopup" */;
			compatibilityVersion = "Xcode 9.3";
			developmentRegion = en;
			hasScannedForEncodings = 0;
			knownRegions = (
				en,
				Base,
			);
			mainGroup = D64865FB2524CC810095B27A;
			productRefGroup = D64866052524CC810095B27A /* Products */;
			projectDirPath = "";
			projectRoot = "";
			targets = (
				D64866032524CC810095B27A /* KSwipePopup */,
			);
		};
/* End PBXProject section */

/* Begin PBXResourcesBuildPhase section */
		D64866022524CC810095B27A /* Resources */ = {
			isa = PBXResourcesBuildPhase;
			buildActionMask = 2147483647;
			files = (
				D64866142524CC820095B27A /* LaunchScreen.storyboard in Resources */,
				D64866112524CC820095B27A /* Assets.xcassets in Resources */,
				D64866202524CF7C0095B27A /* ExampleSwipePopup.xib in Resources */,
				D648660F2524CC810095B27A /* Main.storyboard in Resources */,
			);
			runOnlyForDeploymentPostprocessing = 0;
		};
/* End PBXResourcesBuildPhase section */

/* Begin PBXSourcesBuildPhase section */
		D64866002524CC810095B27A /* Sources */ = {
			isa = PBXSourcesBuildPhase;
			buildActionMask = 2147483647;
			files = (
				D648660C2524CC810095B27A /* ViewController.swift in Sources */,
				D64866082524CC810095B27A /* AppDelegate.swift in Sources */,
				D648661F2524CF7C0095B27A /* ExampleSwipePopup.swift in Sources */,
				D648660A2524CC810095B27A /* SceneDelegate.swift in Sources */,
				D648661C2524CCB60095B27A /* KSwipePopup.swift in Sources */,
			);
			runOnlyForDeploymentPostprocessing = 0;
		};
/* End PBXSourcesBuildPhase section */

/* Begin PBXVariantGroup section */
		D648660D2524CC810095B27A /* Main.storyboard */ = {
			isa = PBXVariantGroup;
			children = (
				D648660E2524CC810095B27A /* Base */,
			);
			name = Main.storyboard;
			sourceTree = "<group>";
		};
		D64866122524CC820095B27A /* LaunchScreen.storyboard */ = {
			isa = PBXVariantGroup;
			children = (
				D64866132524CC820095B27A /* Base */,
			);
			name = LaunchScreen.storyboard;
			sourceTree = "<group>";
		};
/* End PBXVariantGroup section */

/* Begin XCBuildConfiguration section */
		D64866162524CC820095B27A /* Debug */ = {
			isa = XCBuildConfiguration;
			buildSettings = {
				ALWAYS_SEARCH_USER_PATHS = NO;
				CLANG_ANALYZER_NONNULL = YES;
				CLANG_ANALYZER_NUMBER_OBJECT_CONVERSION = YES_AGGRESSIVE;
				CLANG_CXX_LANGUAGE_STANDARD = "gnu++14";
				CLANG_CXX_LIBRARY = "libc++";
				CLANG_ENABLE_MODULES = YES;
				CLANG_ENABLE_OBJC_ARC = YES;
				CLANG_ENABLE_OBJC_WEAK = YES;
				CLANG_WARN_BLOCK_CAPTURE_AUTORELEASING = YES;
				CLANG_WARN_BOOL_CONVERSION = YES;
				CLANG_WARN_COMMA = YES;
				CLANG_WARN_CONSTANT_CONVERSION = YES;
				CLANG_WARN_DEPRECATED_OBJC_IMPLEMENTATIONS = YES;
				CLANG_WARN_DIRECT_OBJC_ISA_USAGE = YES_ERROR;
				CLANG_WARN_DOCUMENTATION_COMMENTS = YES;
				CLANG_WARN_EMPTY_BODY = YES;
				CLANG_WARN_ENUM_CONVERSION = YES;
				CLANG_WARN_INFINITE_RECURSION = YES;
				CLANG_WARN_INT_CONVERSION = YES;
				CLANG_WARN_NON_LITERAL_NULL_CONVERSION = YES;
				CLANG_WARN_OBJC_IMPLICIT_RETAIN_SELF = YES;
				CLANG_WARN_OBJC_LITERAL_CONVERSION = YES;
				CLANG_WARN_OBJC_ROOT_CLASS = YES_ERROR;
				CLANG_WARN_RANGE_LOOP_ANALYSIS = YES;
				CLANG_WARN_STRICT_PROTOTYPES = YES;
				CLANG_WARN_SUSPICIOUS_MOVE = YES;
				CLANG_WARN_UNGUARDED_AVAILABILITY = YES_AGGRESSIVE;
				CLANG_WARN_UNREACHABLE_CODE = YES;
				CLANG_WARN__DUPLICATE_METHOD_MATCH = YES;
				COPY_PHASE_STRIP = NO;
				DEBUG_INFORMATION_FORMAT = dwarf;
				ENABLE_STRICT_OBJC_MSGSEND = YES;
				ENABLE_TESTABILITY = YES;
				GCC_C_LANGUAGE_STANDARD = gnu11;
				GCC_DYNAMIC_NO_PIC = NO;
				GCC_NO_COMMON_BLOCKS = YES;
				GCC_OPTIMIZATION_LEVEL = 0;
				GCC_PREPROCESSOR_DEFINITIONS = (
					"DEBUG=1",
					"$(inherited)",
				);
				GCC_WARN_64_TO_32_BIT_CONVERSION = YES;
				GCC_WARN_ABOUT_RETURN_TYPE = YES_ERROR;
				GCC_WARN_UNDECLARED_SELECTOR = YES;
				GCC_WARN_UNINITIALIZED_AUTOS = YES_AGGRESSIVE;
				GCC_WARN_UNUSED_FUNCTION = YES;
				GCC_WARN_UNUSED_VARIABLE = YES;
				IPHONEOS_DEPLOYMENT_TARGET = 13.2;
				MTL_ENABLE_DEBUG_INFO = INCLUDE_SOURCE;
				MTL_FAST_MATH = YES;
				ONLY_ACTIVE_ARCH = YES;
				SDKROOT = iphoneos;
				SWIFT_ACTIVE_COMPILATION_CONDITIONS = DEBUG;
				SWIFT_OPTIMIZATION_LEVEL = "-Onone";
			};
			name = Debug;
		};
		D64866172524CC820095B27A /* Release */ = {
			isa = XCBuildConfiguration;
			buildSettings = {
				ALWAYS_SEARCH_USER_PATHS = NO;
				CLANG_ANALYZER_NONNULL = YES;
				CLANG_ANALYZER_NUMBER_OBJECT_CONVERSION = YES_AGGRESSIVE;
				CLANG_CXX_LANGUAGE_STANDARD = "gnu++14";
				CLANG_CXX_LIBRARY = "libc++";
				CLANG_ENABLE_MODULES = YES;
				CLANG_ENABLE_OBJC_ARC = YES;
				CLANG_ENABLE_OBJC_WEAK = YES;
				CLANG_WARN_BLOCK_CAPTURE_AUTORELEASING = YES;
				CLANG_WARN_BOOL_CONVERSION = YES;
				CLANG_WARN_COMMA = YES;
				CLANG_WARN_CONSTANT_CONVERSION = YES;
				CLANG_WARN_DEPRECATED_OBJC_IMPLEMENTATIONS = YES;
				CLANG_WARN_DIRECT_OBJC_ISA_USAGE = YES_ERROR;
				CLANG_WARN_DOCUMENTATION_COMMENTS = YES;
				CLANG_WARN_EMPTY_BODY = YES;
				CLANG_WARN_ENUM_CONVERSION = YES;
				CLANG_WARN_INFINITE_RECURSION = YES;
				CLANG_WARN_INT_CONVERSION = YES;
				CLANG_WARN_NON_LITERAL_NULL_CONVERSION = YES;
				CLANG_WARN_OBJC_IMPLICIT_RETAIN_SELF = YES;
				CLANG_WARN_OBJC_LITERAL_CONVERSION = YES;
				CLANG_WARN_OBJC_ROOT_CLASS = YES_ERROR;
				CLANG_WARN_RANGE_LOOP_ANALYSIS = YES;
				CLANG_WARN_STRICT_PROTOTYPES = YES;
				CLANG_WARN_SUSPICIOUS_MOVE = YES;
				CLANG_WARN_UNGUARDED_AVAILABILITY = YES_AGGRESSIVE;
				CLANG_WARN_UNREACHABLE_CODE = YES;
				CLANG_WARN__DUPLICATE_METHOD_MATCH = YES;
				COPY_PHASE_STRIP = NO;
				DEBUG_INFORMATION_FORMAT = "dwarf-with-dsym";
				ENABLE_NS_ASSERTIONS = NO;
				ENABLE_STRICT_OBJC_MSGSEND = YES;
				GCC_C_LANGUAGE_STANDARD = gnu11;
				GCC_NO_COMMON_BLOCKS = YES;
				GCC_WARN_64_TO_32_BIT_CONVERSION = YES;
				GCC_WARN_ABOUT_RETURN_TYPE = YES_ERROR;
				GCC_WARN_UNDECLARED_SELECTOR = YES;
				GCC_WARN_UNINITIALIZED_AUTOS = YES_AGGRESSIVE;
				GCC_WARN_UNUSED_FUNCTION = YES;
				GCC_WARN_UNUSED_VARIABLE = YES;
				IPHONEOS_DEPLOYMENT_TARGET = 13.2;
				MTL_ENABLE_DEBUG_INFO = NO;
				MTL_FAST_MATH = YES;
				SDKROOT = iphoneos;
				SWIFT_COMPILATION_MODE = wholemodule;
				SWIFT_OPTIMIZATION_LEVEL = "-O";
				VALIDATE_PRODUCT = YES;
			};
			name = Release;
		};
		D64866192524CC820095B27A /* Debug */ = {
			isa = XCBuildConfiguration;
			buildSettings = {
				ASSETCATALOG_COMPILER_APPICON_NAME = AppIcon;
				CODE_SIGN_STYLE = Automatic;
				INFOPLIST_FILE = KSwipePopup/Info.plist;
				LD_RUNPATH_SEARCH_PATHS = (
					"$(inherited)",
					"@executable_path/Frameworks",
				);
				PRODUCT_BUNDLE_IDENTIFIER = none.KSwipePopup;
				PRODUCT_NAME = "$(TARGET_NAME)";
				SWIFT_VERSION = 5.0;
				TARGETED_DEVICE_FAMILY = "1,2";
			};
			name = Debug;
		};
		D648661A2524CC820095B27A /* Release */ = {
			isa = XCBuildConfiguration;
			buildSettings = {
				ASSETCATALOG_COMPILER_APPICON_NAME = AppIcon;
				CODE_SIGN_STYLE = Automatic;
				INFOPLIST_FILE = KSwipePopup/Info.plist;
				LD_RUNPATH_SEARCH_PATHS = (
					"$(inherited)",
					"@executable_path/Frameworks",
				);
				PRODUCT_BUNDLE_IDENTIFIER = none.KSwipePopup;
				PRODUCT_NAME = "$(TARGET_NAME)";
				SWIFT_VERSION = 5.0;
				TARGETED_DEVICE_FAMILY = "1,2";
			};
			name = Release;
		};
/* End XCBuildConfiguration section */

/* Begin XCConfigurationList section */
		D64865FF2524CC810095B27A /* Build configuration list for PBXProject "KSwipePopup" */ = {
			isa = XCConfigurationList;
			buildConfigurations = (
				D64866162524CC820095B27A /* Debug */,
				D64866172524CC820095B27A /* Release */,
			);
			defaultConfigurationIsVisible = 0;
			defaultConfigurationName = Release;
		};
		D64866182524CC820095B27A /* Build configuration list for PBXNativeTarget "KSwipePopup" */ = {
			isa = XCConfigurationList;
			buildConfigurations = (
				D64866192524CC820095B27A /* Debug */,
				D648661A2524CC820095B27A /* Release */,
			);
			defaultConfigurationIsVisible = 0;
			defaultConfigurationName = Release;
		};
/* End XCConfigurationList section */
	};
	rootObject = D64865FC2524CC810095B27A /* Project object */;
}
